schema: '2.0'
stages:
  data_prep:
    cmd: python -m src.pipeline.run_data_prep
    deps:
    - path: config/config.yaml
      hash: md5
      md5: 486dd797c1320a4a0e1f42ec65422ac8
      size: 7466
    - path: src/data/build_ml_table.py
      hash: md5
      md5: b59d163b3f49bb641eab787fb0bd370d
      size: 6416
    - path: src/data/db.py
      hash: md5
      md5: caa61c82b4c65722aad4f9bbaf675a9d
      size: 1485
    - path: src/data/geo.py
      hash: md5
      md5: 535f8ea8c2e81c62a21dc43ea57ac630
      size: 1235
    - path: src/data/labeling.py
      hash: md5
      md5: 18c638d353eae80a8e4ee44f9cef58d4
      size: 1693
    outs:
    - path: data/interim/ml_orders_dataset.parquet
      hash: md5
      md5: 2b47e28b93b63dd914ccee385b97a168
      size: 18428099
    - path: data/interim/ml_orders_labeled.parquet
      hash: md5
      md5: 19d2c375e434d5b0f76174cf7d83bf94
      size: 17923939
  split:
    cmd: python -m src.pipeline.run_split
    deps:
    - path: config/config.yaml
      hash: md5
      md5: 486dd797c1320a4a0e1f42ec65422ac8
      size: 7466
    - path: data/interim/ml_orders_labeled.parquet
      hash: md5
      md5: 19d2c375e434d5b0f76174cf7d83bf94
      size: 17923939
    - path: src/pipeline/split.py
      hash: md5
      md5: 23d48c89ed41241557318e029a28bcfe
      size: 2055
    outs:
    - path: data/processed/test.parquet
      hash: md5
      md5: 191ecd1dc48fc7c6372e301af06fb472
      size: 2842395
    - path: data/processed/train.parquet
      hash: md5
      md5: 699f4579308408a907c8cb854bf5f191
      size: 12672348
    - path: data/processed/val.parquet
      hash: md5
      md5: f355645239252e71dcf05c490a2f2328
      size: 2843065
  eda:
    cmd: python -m src.pipeline.run_eda
    deps:
    - path: config/config.yaml
      hash: md5
      md5: 486dd797c1320a4a0e1f42ec65422ac8
      size: 7466
    - path: data/processed/train.parquet
      hash: md5
      md5: 699f4579308408a907c8cb854bf5f191
      size: 12672348
    - path: src/pipeline/eda.py
      hash: md5
      md5: 0cd43e0f98038a478408673ad2b4c0d6
      size: 8420
    - path: src/pipeline/eda_feature_selection.py
      hash: md5
      md5: b59fd365af5bdeaeab212bbf3cc963cf
      size: 10781
    - path: src/pipeline/eda_plots.py
      hash: md5
      md5: a2bfe23f605fefd04496ce17a3a2c2d2
      size: 5430
    - path: src/pipeline/eda_relations.py
      hash: md5
      md5: 262e3d4353edc923320873014ad0894c
      size: 6519
    - path: src/pipeline/eda_summaries.py
      hash: md5
      md5: 22d7f2f0e088928830369c427d0f2721
      size: 5680
    outs:
    - path: reports/eda
      hash: md5
      md5: 9c32fa6fac89cf7f9815a9c9f6c7bdc5.dir
      size: 1150842
      nfiles: 23
  feature_engineering:
    cmd: python -m src.pipeline.run_feature_engineering
    deps:
    - path: config/config.yaml
      hash: md5
      md5: 486dd797c1320a4a0e1f42ec65422ac8
      size: 7466
    - path: data/processed/test.parquet
      hash: md5
      md5: 191ecd1dc48fc7c6372e301af06fb472
      size: 2842395
    - path: data/processed/train.parquet
      hash: md5
      md5: 699f4579308408a907c8cb854bf5f191
      size: 12672348
    - path: data/processed/val.parquet
      hash: md5
      md5: f355645239252e71dcf05c490a2f2328
      size: 2843065
    - path: src/features/build_features.py
      hash: md5
      md5: 6f831b9cbc09e4d69ea62aa49f1aaf22
      size: 9457
    - path: src/features/derived_features.py
      hash: md5
      md5: d2d5ddff62b2bf9783b1d4f0fed0a966
      size: 1566
    - path: src/features/shipping_pressure.py
      hash: md5
      md5: 477066e0ef65d1d011d3ec92c762bb5d
      size: 6963
    - path: src/pipeline/feature_engineering.py
      hash: md5
      md5: a6b05b980f6d80af02aa5fa2752d161f
      size: 3983
    outs:
    - path: data/processed/feature_table_test.parquet
      hash: md5
      md5: 918064e651985256ba43dafd0e6d231a
      size: 525091
    - path: data/processed/feature_table_train.parquet
      hash: md5
      md5: ee9faa98ccc8bceeddb34267e339510d
      size: 2189380
    - path: data/processed/feature_table_val.parquet
      hash: md5
      md5: 824dc3e5369679d8064deee07c9e6ac0
      size: 525418
    - path: models/feature_engineering_artifacts/feature_list_raw.json
      hash: md5
      md5: 75de5688a4c58fa8d1ba7ef106aae9a6
      size: 345
    - path: models/feature_engineering_artifacts/final_feature_list.json
      hash: md5
      md5: 5a1096ea6a0f6b57a5d8b51cf99e8f9e
      size: 1250
    - path: models/feature_engineering_artifacts/numeric_imputer.joblib
      hash: md5
      md5: b6740ec48b46c7dbc8c3288be09d1762
      size: 1143
    - path: models/feature_engineering_artifacts/onehot_encoder.joblib
      hash: md5
      md5: 10bcb2781db399a7c61f53ddeae8530a
      size: 1676
    - path: models/feature_engineering_artifacts/payment_encoder.joblib
      hash: md5
      md5: eb6cddf36db90369b694f3a67e0611f2
      size: 688
    - path: models/feature_engineering_artifacts/same_state_fill_value.joblib
      hash: md5
      md5: 43b6480077c2e1010fca519b79e5b88e
      size: 109
  train:
    cmd: python -m src.pipeline.run_train
    deps:
    - path: config/config.yaml
      hash: md5
      md5: 01a34c4edc3013046dd215796ce3b63a
      size: 7465
    - path: data/processed/feature_table_test.parquet
      hash: md5
      md5: 137915bd73190bf4912de86899a8280b
      size: 525091
    - path: data/processed/feature_table_train.parquet
      hash: md5
      md5: 5d7c54065797e5e09bd622fba74f4772
      size: 2189380
    - path: data/processed/feature_table_val.parquet
      hash: md5
      md5: fed9af88456871caea44d4cae0ec52e3
      size: 525418
    - path: models/feature_engineering_artifacts/final_feature_list.json
      hash: md5
      md5: 5a1096ea6a0f6b57a5d8b51cf99e8f9e
      size: 1250
    - path: src/pipeline/train.py
      hash: md5
      md5: bf05c4af6de0b4ada05de71373e1008f
      size: 9445
    params:
      config/config.yaml:
        model.class_weight: balanced
        model.param_grid:
          n_estimators:
          - 200
          - 400
          max_depth:
          -
          - 10
          - 20
          min_samples_leaf:
          - 1
          - 5
          - 10
        model.tuning_metric: f1
    outs:
    - path: models/model_artifacts/final_model_config.json
      hash: md5
      md5: dd538d76b0866d847b46b683d4d27bca
      size: 358
    - path: models/model_artifacts/final_model_random_forest.joblib
      hash: md5
      md5: 6534126a9d9e37a267b07c55fde41841
      size: 108808345
    - path: models/model_artifacts/results_summary.csv
      hash: md5
      md5: ae7b1ae3eb98bdf0e5e1f5679425f512
      size: 2100
